
Microsoft Visual Studio Solution File, Format Version 12.00
# Visual Studio Version 16
VisualStudioVersion = 16.0.29326.143
MinimumVisualStudioVersion = 10.0.40219.1
Project("{FAE04EC0-301F-11D3-BF4B-00C04F79EFBC}") = "_Snake_", "_Snake_\_Snake_.csproj", "{1A15DC4A-C7DC-406C-9C71-8C9B342487BB}"
EndProject
Global
	GlobalSection(SolutionConfigurationPlatforms) = preSolution
		Debug|Any CPU = Debug|Any CPU
		Release|Any CPU = Release|Any CPU
	EndGlobalSection
	GlobalSection(ProjectConfigurationPlatforms) = postSolution
		{1A15DC4A-C7DC-406C-9C71-8C9B342487BB}.Debug|Any CPU.ActiveCfg = Debug|Any CPU
		{1A15DC4A-C7DC-406C-9C71-8C9B342487BB}.Debug|Any CPU.Build.0 = Debug|Any CPU
		{1A15DC4A-C7DC-406C-9C71-8C9B342487BB}.Release|Any CPU.ActiveCfg = Release|Any CPU
		{1A15DC4A-C7DC-406C-9C71-8C9B342487BB}.Release|Any CPU.Build.0 = Release|Any CPU
	EndGlobalSection
	GlobalSection(SolutionProperties) = preSolution
		HideSolutionNode = FALSE
	EndGlobalSection
	GlobalSection(ExtensibilityGlobals) = postSolution
		SolutionGuid = {263E6C64-B700-45B6-991C-E96F65F9669A}
	EndGlobalSection
EndGlobal
